
Microsoft Visual Studio Solution File, Format Version 12.00
# Visual Studio 15
VisualStudioVersion = 15.0.28010.2046
MinimumVisualStudioVersion = 10.0.40219.1
Project("{FAE04EC0-301F-11D3-BF4B-00C04F79EFBC}") = "DebugDemo", "DebugDemo\DebugDemo.csproj", "{F459BDB9-F7EE-454A-AF77-220979BD4333}"
EndProject
Project("{FAE04EC0-301F-11D3-BF4B-00C04F79EFBC}") = "VarDemo", "VarDemo\VarDemo.csproj", "{52CF5AC8-E99F-43A1-B614-F510A5F41029}"
EndProject
Project("{FAE04EC0-301F-11D3-BF4B-00C04F79EFBC}") = "Opgave", "Opgave\Opgave.csproj", "{9BF854B3-9BF3-4A80-BF07-DDA765D92673}"
EndProject
Project("{FAE04EC0-301F-11D3-BF4B-00C04F79EFBC}") = "Date og Tid", "ConsoleApp1\Date og Tid.csproj", "{CF7F8EB1-A626-4FE6-9D16-0C71BD9278D8}"
EndProject
Project("{FAE04EC0-301F-11D3-BF4B-00C04F79EFBC}") = "Text ting", "ConsoleApp2\Text ting.csproj", "{C18923CC-F057-40C4-A77E-1B8957CE91F8}"
EndProject
Project("{FAE04EC0-301F-11D3-BF4B-00C04F79EFBC}") = "Struct stuff", "Struct stuff\Struct stuff.csproj", "{E102707B-B8AF-4D76-A299-46E233B2F196}"
EndProject
Project("{FAE04EC0-301F-11D3-BF4B-00C04F79EFBC}") = "For loops", "For loops\For loops.csproj", "{A9615E7F-C848-48D7-9DC7-5A5010D2A757}"
EndProject
Project("{FAE04EC0-301F-11D3-BF4B-00C04F79EFBC}") = "break stuff", "break stuff\break stuff.csproj", "{AA7274BE-3025-4EBA-A1DC-541BE2E6CA82}"
EndProject
Project("{FAE04EC0-301F-11D3-BF4B-00C04F79EFBC}") = "Overload", "ConsoleApp3\ConsoleApp3\Overload.csproj", "{58553730-40D7-4A30-AF4D-165B43DD1CD3}"
EndProject
Project("{FAE04EC0-301F-11D3-BF4B-00C04F79EFBC}") = "ConsoleApp4", "ConsoleApp4\ConsoleApp4\ConsoleApp4.csproj", "{3558156A-20B2-4F03-BCCD-DC0C16C345BD}"
EndProject
Project("{FAE04EC0-301F-11D3-BF4B-00C04F79EFBC}") = "Exception", "ConsoleApp5\ConsoleApp1\Exception.csproj", "{6F7B6158-E600-4D80-8903-DADBB055C951}"
EndProject
Project("{FAE04EC0-301F-11D3-BF4B-00C04F79EFBC}") = "ConsoleApp2", "ConsoleApp5\ConsoleApp2\ConsoleApp2.csproj", "{4395E0B6-CE84-46F3-82CA-18587634A693}"
EndProject
Project("{FAE04EC0-301F-11D3-BF4B-00C04F79EFBC}") = "Exception 2", "ConsoleApp5\ConsoleApp3\Exception 2.csproj", "{C8E70262-7D46-4FD2-9DC0-FEF89E5DBFA3}"
EndProject
Project("{FAE04EC0-301F-11D3-BF4B-00C04F79EFBC}") = "Struct vs Class", "ConsoleApp5\ConsoleApp4\Struct vs Class.csproj", "{88B7D6CA-266A-46B8-8AB2-A2CECD36D463}"
EndProject
Project("{FAE04EC0-301F-11D3-BF4B-00C04F79EFBC}") = "ConsoleApp5", "ConsoleApp5\ConsoleApp5\ConsoleApp5.csproj", "{BE886F89-DF1D-40A3-8926-EAEA6A303B46}"
EndProject
Project("{FAE04EC0-301F-11D3-BF4B-00C04F79EFBC}") = "klasser", "ConsoleApp5\klasser\klasser.csproj", "{3F684F34-2B93-4E27-9DCF-3EE3F6B72F03}"
EndProject
Project("{FAE04EC0-301F-11D3-BF4B-00C04F79EFBC}") = "Dag4 sum", "Dag4 sum\Dag4 sum.csproj", "{5E784EB1-DBD2-4CDC-8D10-375CC4D2B932}"
EndProject
Project("{FAE04EC0-301F-11D3-BF4B-00C04F79EFBC}") = "Terning", "Terning\Terning.csproj", "{03E32DC4-F6BA-4DFF-B9F1-CB704FC2ED26}"
EndProject
Project("{FAE04EC0-301F-11D3-BF4B-00C04F79EFBC}") = "Egentskaber", "Egentskaber\Egentskaber.csproj", "{5E5A7C5B-CBF3-43DA-9683-804D843A2E80}"
EndProject
Project("{FAE04EC0-301F-11D3-BF4B-00C04F79EFBC}") = "Getter", "Getter\Getter.csproj", "{C3214B81-FC03-4B7F-B599-D02F84595142}"
EndProject
Project("{FAE04EC0-301F-11D3-BF4B-00C04F79EFBC}") = "Array", "Array\Array.csproj", "{CA4DE664-7402-4EF8-8546-F79337C31D2A}"
EndProject
Project("{FAE04EC0-301F-11D3-BF4B-00C04F79EFBC}") = "Samlinger", "Samlinger\Samlinger.csproj", "{99851264-3073-413D-B24E-5A7DEB4774A4}"
EndProject
Global
	GlobalSection(SolutionConfigurationPlatforms) = preSolution
		Debug|Any CPU = Debug|Any CPU
		Release|Any CPU = Release|Any CPU
	EndGlobalSection
	GlobalSection(ProjectConfigurationPlatforms) = postSolution
		{F459BDB9-F7EE-454A-AF77-220979BD4333}.Debug|Any CPU.ActiveCfg = Debug|Any CPU
		{F459BDB9-F7EE-454A-AF77-220979BD4333}.Debug|Any CPU.Build.0 = Debug|Any CPU
		{F459BDB9-F7EE-454A-AF77-220979BD4333}.Release|Any CPU.ActiveCfg = Release|Any CPU
		{F459BDB9-F7EE-454A-AF77-220979BD4333}.Release|Any CPU.Build.0 = Release|Any CPU
		{52CF5AC8-E99F-43A1-B614-F510A5F41029}.Debug|Any CPU.ActiveCfg = Debug|Any CPU
		{52CF5AC8-E99F-43A1-B614-F510A5F41029}.Debug|Any CPU.Build.0 = Debug|Any CPU
		{52CF5AC8-E99F-43A1-B614-F510A5F41029}.Release|Any CPU.ActiveCfg = Release|Any CPU
		{52CF5AC8-E99F-43A1-B614-F510A5F41029}.Release|Any CPU.Build.0 = Release|Any CPU
		{9BF854B3-9BF3-4A80-BF07-DDA765D92673}.Debug|Any CPU.ActiveCfg = Debug|Any CPU
		{9BF854B3-9BF3-4A80-BF07-DDA765D92673}.Debug|Any CPU.Build.0 = Debug|Any CPU
		{9BF854B3-9BF3-4A80-BF07-DDA765D92673}.Release|Any CPU.ActiveCfg = Release|Any CPU
		{9BF854B3-9BF3-4A80-BF07-DDA765D92673}.Release|Any CPU.Build.0 = Release|Any CPU
		{CF7F8EB1-A626-4FE6-9D16-0C71BD9278D8}.Debug|Any CPU.ActiveCfg = Debug|Any CPU
		{CF7F8EB1-A626-4FE6-9D16-0C71BD9278D8}.Debug|Any CPU.Build.0 = Debug|Any CPU
		{CF7F8EB1-A626-4FE6-9D16-0C71BD9278D8}.Release|Any CPU.ActiveCfg = Release|Any CPU
		{CF7F8EB1-A626-4FE6-9D16-0C71BD9278D8}.Release|Any CPU.Build.0 = Release|Any CPU
		{C18923CC-F057-40C4-A77E-1B8957CE91F8}.Debug|Any CPU.ActiveCfg = Debug|Any CPU
		{C18923CC-F057-40C4-A77E-1B8957CE91F8}.Debug|Any CPU.Build.0 = Debug|Any CPU
		{C18923CC-F057-40C4-A77E-1B8957CE91F8}.Release|Any CPU.ActiveCfg = Release|Any CPU
		{C18923CC-F057-40C4-A77E-1B8957CE91F8}.Release|Any CPU.Build.0 = Release|Any CPU
		{E102707B-B8AF-4D76-A299-46E233B2F196}.Debug|Any CPU.ActiveCfg = Debug|Any CPU
		{E102707B-B8AF-4D76-A299-46E233B2F196}.Debug|Any CPU.Build.0 = Debug|Any CPU
		{E102707B-B8AF-4D76-A299-46E233B2F196}.Release|Any CPU.ActiveCfg = Release|Any CPU
		{E102707B-B8AF-4D76-A299-46E233B2F196}.Release|Any CPU.Build.0 = Release|Any CPU
		{A9615E7F-C848-48D7-9DC7-5A5010D2A757}.Debug|Any CPU.ActiveCfg = Debug|Any CPU
		{A9615E7F-C848-48D7-9DC7-5A5010D2A757}.Debug|Any CPU.Build.0 = Debug|Any CPU
		{A9615E7F-C848-48D7-9DC7-5A5010D2A757}.Release|Any CPU.ActiveCfg = Release|Any CPU
		{A9615E7F-C848-48D7-9DC7-5A5010D2A757}.Release|Any CPU.Build.0 = Release|Any CPU
		{AA7274BE-3025-4EBA-A1DC-541BE2E6CA82}.Debug|Any CPU.ActiveCfg = Debug|Any CPU
		{AA7274BE-3025-4EBA-A1DC-541BE2E6CA82}.Debug|Any CPU.Build.0 = Debug|Any CPU
		{AA7274BE-3025-4EBA-A1DC-541BE2E6CA82}.Release|Any CPU.ActiveCfg = Release|Any CPU
		{AA7274BE-3025-4EBA-A1DC-541BE2E6CA82}.Release|Any CPU.Build.0 = Release|Any CPU
		{58553730-40D7-4A30-AF4D-165B43DD1CD3}.Debug|Any CPU.ActiveCfg = Debug|Any CPU
		{58553730-40D7-4A30-AF4D-165B43DD1CD3}.Debug|Any CPU.Build.0 = Debug|Any CPU
		{58553730-40D7-4A30-AF4D-165B43DD1CD3}.Release|Any CPU.ActiveCfg = Release|Any CPU
		{58553730-40D7-4A30-AF4D-165B43DD1CD3}.Release|Any CPU.Build.0 = Release|Any CPU
		{3558156A-20B2-4F03-BCCD-DC0C16C345BD}.Debug|Any CPU.ActiveCfg = Debug|Any CPU
		{3558156A-20B2-4F03-BCCD-DC0C16C345BD}.Debug|Any CPU.Build.0 = Debug|Any CPU
		{3558156A-20B2-4F03-BCCD-DC0C16C345BD}.Release|Any CPU.ActiveCfg = Release|Any CPU
		{3558156A-20B2-4F03-BCCD-DC0C16C345BD}.Release|Any CPU.Build.0 = Release|Any CPU
		{6F7B6158-E600-4D80-8903-DADBB055C951}.Debug|Any CPU.ActiveCfg = Debug|Any CPU
		{6F7B6158-E600-4D80-8903-DADBB055C951}.Debug|Any CPU.Build.0 = Debug|Any CPU
		{6F7B6158-E600-4D80-8903-DADBB055C951}.Release|Any CPU.ActiveCfg = Release|Any CPU
		{6F7B6158-E600-4D80-8903-DADBB055C951}.Release|Any CPU.Build.0 = Release|Any CPU
		{4395E0B6-CE84-46F3-82CA-18587634A693}.Debug|Any CPU.ActiveCfg = Debug|Any CPU
		{4395E0B6-CE84-46F3-82CA-18587634A693}.Debug|Any CPU.Build.0 = Debug|Any CPU
		{4395E0B6-CE84-46F3-82CA-18587634A693}.Release|Any CPU.ActiveCfg = Release|Any CPU
		{4395E0B6-CE84-46F3-82CA-18587634A693}.Release|Any CPU.Build.0 = Release|Any CPU
		{C8E70262-7D46-4FD2-9DC0-FEF89E5DBFA3}.Debug|Any CPU.ActiveCfg = Debug|Any CPU
		{C8E70262-7D46-4FD2-9DC0-FEF89E5DBFA3}.Debug|Any CPU.Build.0 = Debug|Any CPU
		{C8E70262-7D46-4FD2-9DC0-FEF89E5DBFA3}.Release|Any CPU.ActiveCfg = Release|Any CPU
		{C8E70262-7D46-4FD2-9DC0-FEF89E5DBFA3}.Release|Any CPU.Build.0 = Release|Any CPU
		{88B7D6CA-266A-46B8-8AB2-A2CECD36D463}.Debug|Any CPU.ActiveCfg = Debug|Any CPU
		{88B7D6CA-266A-46B8-8AB2-A2CECD36D463}.Debug|Any CPU.Build.0 = Debug|Any CPU
		{88B7D6CA-266A-46B8-8AB2-A2CECD36D463}.Release|Any CPU.ActiveCfg = Release|Any CPU
		{88B7D6CA-266A-46B8-8AB2-A2CECD36D463}.Release|Any CPU.Build.0 = Release|Any CPU
		{BE886F89-DF1D-40A3-8926-EAEA6A303B46}.Debug|Any CPU.ActiveCfg = Debug|Any CPU
		{BE886F89-DF1D-40A3-8926-EAEA6A303B46}.Debug|Any CPU.Build.0 = Debug|Any CPU
		{BE886F89-DF1D-40A3-8926-EAEA6A303B46}.Release|Any CPU.ActiveCfg = Release|Any CPU
		{BE886F89-DF1D-40A3-8926-EAEA6A303B46}.Release|Any CPU.Build.0 = Release|Any CPU
		{3F684F34-2B93-4E27-9DCF-3EE3F6B72F03}.Debug|Any CPU.ActiveCfg = Debug|Any CPU
		{3F684F34-2B93-4E27-9DCF-3EE3F6B72F03}.Debug|Any CPU.Build.0 = Debug|Any CPU
		{3F684F34-2B93-4E27-9DCF-3EE3F6B72F03}.Release|Any CPU.ActiveCfg = Release|Any CPU
		{3F684F34-2B93-4E27-9DCF-3EE3F6B72F03}.Release|Any CPU.Build.0 = Release|Any CPU
		{5E784EB1-DBD2-4CDC-8D10-375CC4D2B932}.Debug|Any CPU.ActiveCfg = Debug|Any CPU
		{5E784EB1-DBD2-4CDC-8D10-375CC4D2B932}.Debug|Any CPU.Build.0 = Debug|Any CPU
		{5E784EB1-DBD2-4CDC-8D10-375CC4D2B932}.Release|Any CPU.ActiveCfg = Release|Any CPU
		{5E784EB1-DBD2-4CDC-8D10-375CC4D2B932}.Release|Any CPU.Build.0 = Release|Any CPU
		{03E32DC4-F6BA-4DFF-B9F1-CB704FC2ED26}.Debug|Any CPU.ActiveCfg = Debug|Any CPU
		{03E32DC4-F6BA-4DFF-B9F1-CB704FC2ED26}.Debug|Any CPU.Build.0 = Debug|Any CPU
		{03E32DC4-F6BA-4DFF-B9F1-CB704FC2ED26}.Release|Any CPU.ActiveCfg = Release|Any CPU
		{03E32DC4-F6BA-4DFF-B9F1-CB704FC2ED26}.Release|Any CPU.Build.0 = Release|Any CPU
		{5E5A7C5B-CBF3-43DA-9683-804D843A2E80}.Debug|Any CPU.ActiveCfg = Debug|Any CPU
		{5E5A7C5B-CBF3-43DA-9683-804D843A2E80}.Debug|Any CPU.Build.0 = Debug|Any CPU
		{5E5A7C5B-CBF3-43DA-9683-804D843A2E80}.Release|Any CPU.ActiveCfg = Release|Any CPU
		{5E5A7C5B-CBF3-43DA-9683-804D843A2E80}.Release|Any CPU.Build.0 = Release|Any CPU
		{C3214B81-FC03-4B7F-B599-D02F84595142}.Debug|Any CPU.ActiveCfg = Debug|Any CPU
		{C3214B81-FC03-4B7F-B599-D02F84595142}.Debug|Any CPU.Build.0 = Debug|Any CPU
		{C3214B81-FC03-4B7F-B599-D02F84595142}.Release|Any CPU.ActiveCfg = Release|Any CPU
		{C3214B81-FC03-4B7F-B599-D02F84595142}.Release|Any CPU.Build.0 = Release|Any CPU
		{CA4DE664-7402-4EF8-8546-F79337C31D2A}.Debug|Any CPU.ActiveCfg = Debug|Any CPU
		{CA4DE664-7402-4EF8-8546-F79337C31D2A}.Debug|Any CPU.Build.0 = Debug|Any CPU
		{CA4DE664-7402-4EF8-8546-F79337C31D2A}.Release|Any CPU.ActiveCfg = Release|Any CPU
		{CA4DE664-7402-4EF8-8546-F79337C31D2A}.Release|Any CPU.Build.0 = Release|Any CPU
		{99851264-3073-413D-B24E-5A7DEB4774A4}.Debug|Any CPU.ActiveCfg = Debug|Any CPU
		{99851264-3073-413D-B24E-5A7DEB4774A4}.Debug|Any CPU.Build.0 = Debug|Any CPU
		{99851264-3073-413D-B24E-5A7DEB4774A4}.Release|Any CPU.ActiveCfg = Release|Any CPU
		{99851264-3073-413D-B24E-5A7DEB4774A4}.Release|Any CPU.Build.0 = Release|Any CPU
	EndGlobalSection
	GlobalSection(SolutionProperties) = preSolution
		HideSolutionNode = FALSE
	EndGlobalSection
	GlobalSection(ExtensibilityGlobals) = postSolution
		SolutionGuid = {7CF101CD-A169-41A8-8D3C-BA2607F17EBD}
	EndGlobalSection
EndGlobal
