
Microsoft Visual Studio Solution File, Format Version 12.00
# Visual Studio 15
VisualStudioVersion = 15.0.28010.2046
MinimumVisualStudioVersion = 10.0.40219.1
Project("{FAE04EC0-301F-11D3-BF4B-00C04F79EFBC}") = "DebugDemo", "DebugDemo\DebugDemo.csproj", "{F459BDB9-F7EE-454A-AF77-220979BD4333}"
EndProject
Project("{FAE04EC0-301F-11D3-BF4B-00C04F79EFBC}") = "VarDemo", "VarDemo\VarDemo.csproj", "{52CF5AC8-E99F-43A1-B614-F510A5F41029}"
EndProject
Project("{FAE04EC0-301F-11D3-BF4B-00C04F79EFBC}") = "Opgave", "Opgave\Opgave.csproj", "{9BF854B3-9BF3-4A80-BF07-DDA765D92673}"
EndProject
Global
	GlobalSection(SolutionConfigurationPlatforms) = preSolution
		Debug|Any CPU = Debug|Any CPU
		Release|Any CPU = Release|Any CPU
	EndGlobalSection
	GlobalSection(ProjectConfigurationPlatforms) = postSolution
		{F459BDB9-F7EE-454A-AF77-220979BD4333}.Debug|Any CPU.ActiveCfg = Debug|Any CPU
		{F459BDB9-F7EE-454A-AF77-220979BD4333}.Debug|Any CPU.Build.0 = Debug|Any CPU
		{F459BDB9-F7EE-454A-AF77-220979BD4333}.Release|Any CPU.ActiveCfg = Release|Any CPU
		{F459BDB9-F7EE-454A-AF77-220979BD4333}.Release|Any CPU.Build.0 = Release|Any CPU
		{52CF5AC8-E99F-43A1-B614-F510A5F41029}.Debug|Any CPU.ActiveCfg = Debug|Any CPU
		{52CF5AC8-E99F-43A1-B614-F510A5F41029}.Debug|Any CPU.Build.0 = Debug|Any CPU
		{52CF5AC8-E99F-43A1-B614-F510A5F41029}.Release|Any CPU.ActiveCfg = Release|Any CPU
		{52CF5AC8-E99F-43A1-B614-F510A5F41029}.Release|Any CPU.Build.0 = Release|Any CPU
		{9BF854B3-9BF3-4A80-BF07-DDA765D92673}.Debug|Any CPU.ActiveCfg = Debug|Any CPU
		{9BF854B3-9BF3-4A80-BF07-DDA765D92673}.Debug|Any CPU.Build.0 = Debug|Any CPU
		{9BF854B3-9BF3-4A80-BF07-DDA765D92673}.Release|Any CPU.ActiveCfg = Release|Any CPU
		{9BF854B3-9BF3-4A80-BF07-DDA765D92673}.Release|Any CPU.Build.0 = Release|Any CPU
	EndGlobalSection
	GlobalSection(SolutionProperties) = preSolution
		HideSolutionNode = FALSE
	EndGlobalSection
	GlobalSection(ExtensibilityGlobals) = postSolution
		SolutionGuid = {7CF101CD-A169-41A8-8D3C-BA2607F17EBD}
	EndGlobalSection
EndGlobal
